
Microsoft Visual Studio Solution File, Format Version 12.00
# Visual Studio Version 17
VisualStudioVersion = 17.8.34525.116
MinimumVisualStudioVersion = 10.0.40219.1
Project("{FAE04EC0-301F-11D3-BF4B-00C04F79EFBC}") = "DotnetWebAPI", "DotnetWebAPI\DotnetWebAPI.csproj", "{45DF195A-FA84-495E-A693-2005934FBEDB}"
EndProject
Global
	GlobalSection(SolutionConfigurationPlatforms) = preSolution
		Debug|Any CPU = Debug|Any CPU
		Release|Any CPU = Release|Any CPU
	EndGlobalSection
	GlobalSection(ProjectConfigurationPlatforms) = postSolution
		{45DF195A-FA84-495E-A693-2005934FBEDB}.Debug|Any CPU.ActiveCfg = Debug|Any CPU
		{45DF195A-FA84-495E-A693-2005934FBEDB}.Debug|Any CPU.Build.0 = Debug|Any CPU
		{45DF195A-FA84-495E-A693-2005934FBEDB}.Release|Any CPU.ActiveCfg = Release|Any CPU
		{45DF195A-FA84-495E-A693-2005934FBEDB}.Release|Any CPU.Build.0 = Release|Any CPU
	EndGlobalSection
	GlobalSection(SolutionProperties) = preSolution
		HideSolutionNode = FALSE
	EndGlobalSection
	GlobalSection(ExtensibilityGlobals) = postSolution
		SolutionGuid = {EDBD2C72-9222-4628-BE6B-E98C43324814}
	EndGlobalSection
EndGlobal
